// !$*UTF8*$!
{
	archiveVersion = 1;
	classes = {
	};
	objectVersion = 46;
	objects = {

/* Begin PBXBuildFile section */
		090B1E731ABCC48B00CDA5D9 /* AppDelegate.swift in Sources */ = {isa = PBXBuildFile; fileRef = 090B1E721ABCC48B00CDA5D9 /* AppDelegate.swift */; };
		090B1E751ABCC48B00CDA5D9 /* ViewController.swift in Sources */ = {isa = PBXBuildFile; fileRef = 090B1E741ABCC48B00CDA5D9 /* ViewController.swift */; };
		090B1E781ABCC48B00CDA5D9 /* Main.storyboard in Resources */ = {isa = PBXBuildFile; fileRef = 090B1E761ABCC48B00CDA5D9 /* Main.storyboard */; };
		090B1E7A1ABCC48B00CDA5D9 /* Images.xcassets in Resources */ = {isa = PBXBuildFile; fileRef = 090B1E791ABCC48B00CDA5D9 /* Images.xcassets */; };
		090B1E7D1ABCC48B00CDA5D9 /* LaunchScreen.xib in Resources */ = {isa = PBXBuildFile; fileRef = 090B1E7B1ABCC48B00CDA5D9 /* LaunchScreen.xib */; };
		090B1E891ABCC48B00CDA5D9 /* MinimoTests.swift in Sources */ = {isa = PBXBuildFile; fileRef = 090B1E881ABCC48B00CDA5D9 /* MinimoTests.swift */; };
		094C79801AC495E800004000 /* CommentTableViewController.swift in Sources */ = {isa = PBXBuildFile; fileRef = 094C797F1AC495E800004000 /* CommentTableViewController.swift */; };
		094C79821AC4962A00004000 /* ComposeViewController.swift in Sources */ = {isa = PBXBuildFile; fileRef = 094C79811AC4962A00004000 /* ComposeViewController.swift */; };
		094C79841AC4983000004000 /* CommentTableViewCell.swift in Sources */ = {isa = PBXBuildFile; fileRef = 094C79831AC4983000004000 /* CommentTableViewCell.swift */; };
		09665A831AC1213D005627F8 /* CommentViewController.swift in Sources */ = {isa = PBXBuildFile; fileRef = 09665A821AC1213D005627F8 /* CommentViewController.swift */; };
		F3613DC41ABFACED00C06AFD /* SignUpInViewController.swift in Sources */ = {isa = PBXBuildFile; fileRef = F3613DC31ABFACED00C06AFD /* SignUpInViewController.swift */; };
		F38E3D3F1ABCCB98002F42C0 /* Bolts.framework in Frameworks */ = {isa = PBXBuildFile; fileRef = F38E3D3A1ABCCB98002F42C0 /* Bolts.framework */; };
		F38E3D401ABCCB98002F42C0 /* Parse.framework in Frameworks */ = {isa = PBXBuildFile; fileRef = F38E3D3B1ABCCB98002F42C0 /* Parse.framework */; };
		F38E3D411ABCCB98002F42C0 /* ParseCrashReporting.framework in Frameworks */ = {isa = PBXBuildFile; fileRef = F38E3D3C1ABCCB98002F42C0 /* ParseCrashReporting.framework */; };
		F38E3D421ABCCB98002F42C0 /* ParseFacebookUtils.framework in Frameworks */ = {isa = PBXBuildFile; fileRef = F38E3D3D1ABCCB98002F42C0 /* ParseFacebookUtils.framework */; };
		F38E3D431ABCCB98002F42C0 /* ParseUI.framework in Frameworks */ = {isa = PBXBuildFile; fileRef = F38E3D3E1ABCCB98002F42C0 /* ParseUI.framework */; };
		F38E3D451ABCCC13002F42C0 /* AudioToolbox.framework in Frameworks */ = {isa = PBXBuildFile; fileRef = F38E3D441ABCCC13002F42C0 /* AudioToolbox.framework */; };
		F38E3D471ABCCC34002F42C0 /* CFNetwork.framework in Frameworks */ = {isa = PBXBuildFile; fileRef = F38E3D461ABCCC34002F42C0 /* CFNetwork.framework */; };
		F38E3D491ABCCC3C002F42C0 /* CoreGraphics.framework in Frameworks */ = {isa = PBXBuildFile; fileRef = F38E3D481ABCCC3C002F42C0 /* CoreGraphics.framework */; };
		F38E3D4B1ABCCC44002F42C0 /* CoreLocation.framework in Frameworks */ = {isa = PBXBuildFile; fileRef = F38E3D4A1ABCCC44002F42C0 /* CoreLocation.framework */; };
		F38E3D4D1ABCCC4C002F42C0 /* MobileCoreServices.framework in Frameworks */ = {isa = PBXBuildFile; fileRef = F38E3D4C1ABCCC4C002F42C0 /* MobileCoreServices.framework */; };
		F38E3D4F1ABCCC53002F42C0 /* QuartzCore.framework in Frameworks */ = {isa = PBXBuildFile; fileRef = F38E3D4E1ABCCC53002F42C0 /* QuartzCore.framework */; };
		F38E3D511ABCCC5A002F42C0 /* Security.framework in Frameworks */ = {isa = PBXBuildFile; fileRef = F38E3D501ABCCC5A002F42C0 /* Security.framework */; };
		F38E3D531ABCCC61002F42C0 /* StoreKit.framework in Frameworks */ = {isa = PBXBuildFile; fileRef = F38E3D521ABCCC61002F42C0 /* StoreKit.framework */; };
		F38E3D551ABCCC6D002F42C0 /* SystemConfiguration.framework in Frameworks */ = {isa = PBXBuildFile; fileRef = F38E3D541ABCCC6D002F42C0 /* SystemConfiguration.framework */; };
		F38E3D571ABCCC7D002F42C0 /* libz.dylib in Frameworks */ = {isa = PBXBuildFile; fileRef = F38E3D561ABCCC7D002F42C0 /* libz.dylib */; };
		F38E3D591ABCCC85002F42C0 /* libsqlite3.dylib in Frameworks */ = {isa = PBXBuildFile; fileRef = F38E3D581ABCCC85002F42C0 /* libsqlite3.dylib */; };
/* End PBXBuildFile section */

/* Begin PBXContainerItemProxy section */
		090B1E831ABCC48B00CDA5D9 /* PBXContainerItemProxy */ = {
			isa = PBXContainerItemProxy;
			containerPortal = 090B1E651ABCC48B00CDA5D9 /* Project object */;
			proxyType = 1;
			remoteGlobalIDString = 090B1E6C1ABCC48B00CDA5D9;
			remoteInfo = Minimo;
		};
/* End PBXContainerItemProxy section */

/* Begin PBXFileReference section */
		090B1E6D1ABCC48B00CDA5D9 /* Minimo.app */ = {isa = PBXFileReference; explicitFileType = wrapper.application; includeInIndex = 0; path = Minimo.app; sourceTree = BUILT_PRODUCTS_DIR; };
		090B1E711ABCC48B00CDA5D9 /* Info.plist */ = {isa = PBXFileReference; lastKnownFileType = text.plist.xml; path = Info.plist; sourceTree = "<group>"; };
		090B1E721ABCC48B00CDA5D9 /* AppDelegate.swift */ = {isa = PBXFileReference; lastKnownFileType = sourcecode.swift; path = AppDelegate.swift; sourceTree = "<group>"; };
		090B1E741ABCC48B00CDA5D9 /* ViewController.swift */ = {isa = PBXFileReference; lastKnownFileType = sourcecode.swift; path = ViewController.swift; sourceTree = "<group>"; };
		090B1E771ABCC48B00CDA5D9 /* Base */ = {isa = PBXFileReference; lastKnownFileType = file.storyboard; name = Base; path = Base.lproj/Main.storyboard; sourceTree = "<group>"; };
		090B1E791ABCC48B00CDA5D9 /* Images.xcassets */ = {isa = PBXFileReference; lastKnownFileType = folder.assetcatalog; path = Images.xcassets; sourceTree = "<group>"; };
		090B1E7C1ABCC48B00CDA5D9 /* Base */ = {isa = PBXFileReference; lastKnownFileType = file.xib; name = Base; path = Base.lproj/LaunchScreen.xib; sourceTree = "<group>"; };
		090B1E821ABCC48B00CDA5D9 /* MinimoTests.xctest */ = {isa = PBXFileReference; explicitFileType = wrapper.cfbundle; includeInIndex = 0; path = MinimoTests.xctest; sourceTree = BUILT_PRODUCTS_DIR; };
		090B1E871ABCC48B00CDA5D9 /* Info.plist */ = {isa = PBXFileReference; lastKnownFileType = text.plist.xml; path = Info.plist; sourceTree = "<group>"; };
		090B1E881ABCC48B00CDA5D9 /* MinimoTests.swift */ = {isa = PBXFileReference; lastKnownFileType = sourcecode.swift; path = MinimoTests.swift; sourceTree = "<group>"; };
		094C797F1AC495E800004000 /* CommentTableViewController.swift */ = {isa = PBXFileReference; fileEncoding = 4; lastKnownFileType = sourcecode.swift; path = CommentTableViewController.swift; sourceTree = "<group>"; };
		094C79811AC4962A00004000 /* ComposeViewController.swift */ = {isa = PBXFileReference; fileEncoding = 4; lastKnownFileType = sourcecode.swift; path = ComposeViewController.swift; sourceTree = "<group>"; };
		094C79831AC4983000004000 /* CommentTableViewCell.swift */ = {isa = PBXFileReference; fileEncoding = 4; lastKnownFileType = sourcecode.swift; path = CommentTableViewCell.swift; sourceTree = "<group>"; };
		09665A821AC1213D005627F8 /* CommentViewController.swift */ = {isa = PBXFileReference; fileEncoding = 4; lastKnownFileType = sourcecode.swift; path = CommentViewController.swift; sourceTree = "<group>"; };
		F3613DC31ABFACED00C06AFD /* SignUpInViewController.swift */ = {isa = PBXFileReference; fileEncoding = 4; lastKnownFileType = sourcecode.swift; path = SignUpInViewController.swift; sourceTree = "<group>"; };
		F38E3D3A1ABCCB98002F42C0 /* Bolts.framework */ = {isa = PBXFileReference; lastKnownFileType = wrapper.framework; name = Bolts.framework; path = Minimo/Bolts.framework; sourceTree = "<group>"; };
		F38E3D3B1ABCCB98002F42C0 /* Parse.framework */ = {isa = PBXFileReference; lastKnownFileType = wrapper.framework; name = Parse.framework; path = Minimo/Parse.framework; sourceTree = "<group>"; };
		F38E3D3C1ABCCB98002F42C0 /* ParseCrashReporting.framework */ = {isa = PBXFileReference; lastKnownFileType = wrapper.framework; name = ParseCrashReporting.framework; path = Minimo/ParseCrashReporting.framework; sourceTree = "<group>"; };
		F38E3D3D1ABCCB98002F42C0 /* ParseFacebookUtils.framework */ = {isa = PBXFileReference; lastKnownFileType = wrapper.framework; name = ParseFacebookUtils.framework; path = Minimo/ParseFacebookUtils.framework; sourceTree = "<group>"; };
		F38E3D3E1ABCCB98002F42C0 /* ParseUI.framework */ = {isa = PBXFileReference; lastKnownFileType = wrapper.framework; name = ParseUI.framework; path = Minimo/ParseUI.framework; sourceTree = "<group>"; };
		F38E3D441ABCCC13002F42C0 /* AudioToolbox.framework */ = {isa = PBXFileReference; lastKnownFileType = wrapper.framework; name = AudioToolbox.framework; path = System/Library/Frameworks/AudioToolbox.framework; sourceTree = SDKROOT; };
		F38E3D461ABCCC34002F42C0 /* CFNetwork.framework */ = {isa = PBXFileReference; lastKnownFileType = wrapper.framework; name = CFNetwork.framework; path = System/Library/Frameworks/CFNetwork.framework; sourceTree = SDKROOT; };
		F38E3D481ABCCC3C002F42C0 /* CoreGraphics.framework */ = {isa = PBXFileReference; lastKnownFileType = wrapper.framework; name = CoreGraphics.framework; path = System/Library/Frameworks/CoreGraphics.framework; sourceTree = SDKROOT; };
		F38E3D4A1ABCCC44002F42C0 /* CoreLocation.framework */ = {isa = PBXFileReference; lastKnownFileType = wrapper.framework; name = CoreLocation.framework; path = System/Library/Frameworks/CoreLocation.framework; sourceTree = SDKROOT; };
		F38E3D4C1ABCCC4C002F42C0 /* MobileCoreServices.framework */ = {isa = PBXFileReference; lastKnownFileType = wrapper.framework; name = MobileCoreServices.framework; path = System/Library/Frameworks/MobileCoreServices.framework; sourceTree = SDKROOT; };
		F38E3D4E1ABCCC53002F42C0 /* QuartzCore.framework */ = {isa = PBXFileReference; lastKnownFileType = wrapper.framework; name = QuartzCore.framework; path = System/Library/Frameworks/QuartzCore.framework; sourceTree = SDKROOT; };
		F38E3D501ABCCC5A002F42C0 /* Security.framework */ = {isa = PBXFileReference; lastKnownFileType = wrapper.framework; name = Security.framework; path = System/Library/Frameworks/Security.framework; sourceTree = SDKROOT; };
		F38E3D521ABCCC61002F42C0 /* StoreKit.framework */ = {isa = PBXFileReference; lastKnownFileType = wrapper.framework; name = StoreKit.framework; path = System/Library/Frameworks/StoreKit.framework; sourceTree = SDKROOT; };
		F38E3D541ABCCC6D002F42C0 /* SystemConfiguration.framework */ = {isa = PBXFileReference; lastKnownFileType = wrapper.framework; name = SystemConfiguration.framework; path = System/Library/Frameworks/SystemConfiguration.framework; sourceTree = SDKROOT; };
		F38E3D561ABCCC7D002F42C0 /* libz.dylib */ = {isa = PBXFileReference; lastKnownFileType = "compiled.mach-o.dylib"; name = libz.dylib; path = usr/lib/libz.dylib; sourceTree = SDKROOT; };
		F38E3D581ABCCC85002F42C0 /* libsqlite3.dylib */ = {isa = PBXFileReference; lastKnownFileType = "compiled.mach-o.dylib"; name = libsqlite3.dylib; path = usr/lib/libsqlite3.dylib; sourceTree = SDKROOT; };
		F38E3D5B1ABCCD21002F42C0 /* MiniMo-Bridging-Header.h */ = {isa = PBXFileReference; fileEncoding = 4; lastKnownFileType = sourcecode.c.h; name = "MiniMo-Bridging-Header.h"; path = "../MiniMo-Bridging-Header.h"; sourceTree = "<group>"; };
/* End PBXFileReference section */

/* Begin PBXFrameworksBuildPhase section */
		090B1E6A1ABCC48B00CDA5D9 /* Frameworks */ = {
			isa = PBXFrameworksBuildPhase;
			buildActionMask = 2147483647;
			files = (
				F38E3D591ABCCC85002F42C0 /* libsqlite3.dylib in Frameworks */,
				F38E3D571ABCCC7D002F42C0 /* libz.dylib in Frameworks */,
				F38E3D551ABCCC6D002F42C0 /* SystemConfiguration.framework in Frameworks */,
				F38E3D531ABCCC61002F42C0 /* StoreKit.framework in Frameworks */,
				F38E3D511ABCCC5A002F42C0 /* Security.framework in Frameworks */,
				F38E3D4F1ABCCC53002F42C0 /* QuartzCore.framework in Frameworks */,
				F38E3D4D1ABCCC4C002F42C0 /* MobileCoreServices.framework in Frameworks */,
				F38E3D4B1ABCCC44002F42C0 /* CoreLocation.framework in Frameworks */,
				F38E3D491ABCCC3C002F42C0 /* CoreGraphics.framework in Frameworks */,
				F38E3D471ABCCC34002F42C0 /* CFNetwork.framework in Frameworks */,
				F38E3D451ABCCC13002F42C0 /* AudioToolbox.framework in Frameworks */,
				F38E3D401ABCCB98002F42C0 /* Parse.framework in Frameworks */,
				F38E3D411ABCCB98002F42C0 /* ParseCrashReporting.framework in Frameworks */,
				F38E3D431ABCCB98002F42C0 /* ParseUI.framework in Frameworks */,
				F38E3D421ABCCB98002F42C0 /* ParseFacebookUtils.framework in Frameworks */,
				F38E3D3F1ABCCB98002F42C0 /* Bolts.framework in Frameworks */,
			);
			runOnlyForDeploymentPostprocessing = 0;
		};
		090B1E7F1ABCC48B00CDA5D9 /* Frameworks */ = {
			isa = PBXFrameworksBuildPhase;
			buildActionMask = 2147483647;
			files = (
			);
			runOnlyForDeploymentPostprocessing = 0;
		};
/* End PBXFrameworksBuildPhase section */

/* Begin PBXGroup section */
		090B1E641ABCC48B00CDA5D9 = {
			isa = PBXGroup;
			children = (
				F38E3D5A1ABCCCC0002F42C0 /* Frameworks */,
				090B1E6F1ABCC48B00CDA5D9 /* Minimo */,
				090B1E851ABCC48B00CDA5D9 /* MinimoTests */,
				090B1E6E1ABCC48B00CDA5D9 /* Products */,
			);
			sourceTree = "<group>";
		};
		090B1E6E1ABCC48B00CDA5D9 /* Products */ = {
			isa = PBXGroup;
			children = (
				090B1E6D1ABCC48B00CDA5D9 /* Minimo.app */,
				090B1E821ABCC48B00CDA5D9 /* MinimoTests.xctest */,
			);
			name = Products;
			sourceTree = "<group>";
		};
		090B1E6F1ABCC48B00CDA5D9 /* Minimo */ = {
			isa = PBXGroup;
			children = (
				F38E3D5B1ABCCD21002F42C0 /* MiniMo-Bridging-Header.h */,
				090B1E721ABCC48B00CDA5D9 /* AppDelegate.swift */,
				090B1E741ABCC48B00CDA5D9 /* ViewController.swift */,
				09665A821AC1213D005627F8 /* CommentViewController.swift */,
				090B1E761ABCC48B00CDA5D9 /* Main.storyboard */,
				094C79811AC4962A00004000 /* ComposeViewController.swift */,
				094C797F1AC495E800004000 /* CommentTableViewController.swift */,
				094C79831AC4983000004000 /* CommentTableViewCell.swift */,
				F3613DC31ABFACED00C06AFD /* SignUpInViewController.swift */,
				090B1E791ABCC48B00CDA5D9 /* Images.xcassets */,
				090B1E7B1ABCC48B00CDA5D9 /* LaunchScreen.xib */,
				090B1E701ABCC48B00CDA5D9 /* Supporting Files */,
			);
			path = Minimo;
			sourceTree = "<group>";
		};
		090B1E701ABCC48B00CDA5D9 /* Supporting Files */ = {
			isa = PBXGroup;
			children = (
				090B1E711ABCC48B00CDA5D9 /* Info.plist */,
			);
			name = "Supporting Files";
			sourceTree = "<group>";
		};
		090B1E851ABCC48B00CDA5D9 /* MinimoTests */ = {
			isa = PBXGroup;
			children = (
				090B1E881ABCC48B00CDA5D9 /* MinimoTests.swift */,
				090B1E861ABCC48B00CDA5D9 /* Supporting Files */,
			);
			path = MinimoTests;
			sourceTree = "<group>";
		};
		090B1E861ABCC48B00CDA5D9 /* Supporting Files */ = {
			isa = PBXGroup;
			children = (
				090B1E871ABCC48B00CDA5D9 /* Info.plist */,
			);
			name = "Supporting Files";
			sourceTree = "<group>";
		};
		F38E3D5A1ABCCCC0002F42C0 /* Frameworks */ = {
			isa = PBXGroup;
			children = (
				F38E3D3A1ABCCB98002F42C0 /* Bolts.framework */,
				F38E3D3B1ABCCB98002F42C0 /* Parse.framework */,
				F38E3D3C1ABCCB98002F42C0 /* ParseCrashReporting.framework */,
				F38E3D3D1ABCCB98002F42C0 /* ParseFacebookUtils.framework */,
				F38E3D3E1ABCCB98002F42C0 /* ParseUI.framework */,
				F38E3D581ABCCC85002F42C0 /* libsqlite3.dylib */,
				F38E3D561ABCCC7D002F42C0 /* libz.dylib */,
				F38E3D541ABCCC6D002F42C0 /* SystemConfiguration.framework */,
				F38E3D521ABCCC61002F42C0 /* StoreKit.framework */,
				F38E3D501ABCCC5A002F42C0 /* Security.framework */,
				F38E3D4E1ABCCC53002F42C0 /* QuartzCore.framework */,
				F38E3D4C1ABCCC4C002F42C0 /* MobileCoreServices.framework */,
				F38E3D4A1ABCCC44002F42C0 /* CoreLocation.framework */,
				F38E3D481ABCCC3C002F42C0 /* CoreGraphics.framework */,
				F38E3D461ABCCC34002F42C0 /* CFNetwork.framework */,
				F38E3D441ABCCC13002F42C0 /* AudioToolbox.framework */,
			);
			name = Frameworks;
			sourceTree = "<group>";
		};
/* End PBXGroup section */

/* Begin PBXNativeTarget section */
		090B1E6C1ABCC48B00CDA5D9 /* Minimo */ = {
			isa = PBXNativeTarget;
			buildConfigurationList = 090B1E8C1ABCC48B00CDA5D9 /* Build configuration list for PBXNativeTarget "Minimo" */;
			buildPhases = (
				090B1E691ABCC48B00CDA5D9 /* Sources */,
				090B1E6A1ABCC48B00CDA5D9 /* Frameworks */,
				090B1E6B1ABCC48B00CDA5D9 /* Resources */,
			);
			buildRules = (
			);
			dependencies = (
			);
			name = Minimo;
			productName = Minimo;
			productReference = 090B1E6D1ABCC48B00CDA5D9 /* Minimo.app */;
			productType = "com.apple.product-type.application";
		};
		090B1E811ABCC48B00CDA5D9 /* MinimoTests */ = {
			isa = PBXNativeTarget;
			buildConfigurationList = 090B1E8F1ABCC48B00CDA5D9 /* Build configuration list for PBXNativeTarget "MinimoTests" */;
			buildPhases = (
				090B1E7E1ABCC48B00CDA5D9 /* Sources */,
				090B1E7F1ABCC48B00CDA5D9 /* Frameworks */,
				090B1E801ABCC48B00CDA5D9 /* Resources */,
			);
			buildRules = (
			);
			dependencies = (
				090B1E841ABCC48B00CDA5D9 /* PBXTargetDependency */,
			);
			name = MinimoTests;
			productName = MinimoTests;
			productReference = 090B1E821ABCC48B00CDA5D9 /* MinimoTests.xctest */;
			productType = "com.apple.product-type.bundle.unit-test";
		};
/* End PBXNativeTarget section */

/* Begin PBXProject section */
		090B1E651ABCC48B00CDA5D9 /* Project object */ = {
			isa = PBXProject;
			attributes = {
				LastUpgradeCheck = 0620;
				ORGANIZATIONNAME = "Team Mo";
				TargetAttributes = {
					090B1E6C1ABCC48B00CDA5D9 = {
						CreatedOnToolsVersion = 6.2;
					};
					090B1E811ABCC48B00CDA5D9 = {
						CreatedOnToolsVersion = 6.2;
						TestTargetID = 090B1E6C1ABCC48B00CDA5D9;
					};
				};
			};
			buildConfigurationList = 090B1E681ABCC48B00CDA5D9 /* Build configuration list for PBXProject "Minimo" */;
			compatibilityVersion = "Xcode 3.2";
			developmentRegion = English;
			hasScannedForEncodings = 0;
			knownRegions = (
				en,
				Base,
			);
			mainGroup = 090B1E641ABCC48B00CDA5D9;
			productRefGroup = 090B1E6E1ABCC48B00CDA5D9 /* Products */;
			projectDirPath = "";
			projectRoot = "";
			targets = (
				090B1E6C1ABCC48B00CDA5D9 /* Minimo */,
				090B1E811ABCC48B00CDA5D9 /* MinimoTests */,
			);
		};
/* End PBXProject section */

/* Begin PBXResourcesBuildPhase section */
		090B1E6B1ABCC48B00CDA5D9 /* Resources */ = {
			isa = PBXResourcesBuildPhase;
			buildActionMask = 2147483647;
			files = (
				090B1E781ABCC48B00CDA5D9 /* Main.storyboard in Resources */,
				090B1E7D1ABCC48B00CDA5D9 /* LaunchScreen.xib in Resources */,
				090B1E7A1ABCC48B00CDA5D9 /* Images.xcassets in Resources */,
			);
			runOnlyForDeploymentPostprocessing = 0;
		};
		090B1E801ABCC48B00CDA5D9 /* Resources */ = {
			isa = PBXResourcesBuildPhase;
			buildActionMask = 2147483647;
			files = (
			);
			runOnlyForDeploymentPostprocessing = 0;
		};
/* End PBXResourcesBuildPhase section */

/* Begin PBXSourcesBuildPhase section */
		090B1E691ABCC48B00CDA5D9 /* Sources */ = {
			isa = PBXSourcesBuildPhase;
			buildActionMask = 2147483647;
			files = (
				09665A831AC1213D005627F8 /* CommentViewController.swift in Sources */,
				090B1E751ABCC48B00CDA5D9 /* ViewController.swift in Sources */,
				090B1E731ABCC48B00CDA5D9 /* AppDelegate.swift in Sources */,
				094C79821AC4962A00004000 /* ComposeViewController.swift in Sources */,
				094C79841AC4983000004000 /* CommentTableViewCell.swift in Sources */,
				094C79801AC495E800004000 /* CommentTableViewController.swift in Sources */,
				F3613DC41ABFACED00C06AFD /* SignUpInViewController.swift in Sources */,
			);
			runOnlyForDeploymentPostprocessing = 0;
		};
		090B1E7E1ABCC48B00CDA5D9 /* Sources */ = {
			isa = PBXSourcesBuildPhase;
			buildActionMask = 2147483647;
			files = (
				090B1E891ABCC48B00CDA5D9 /* MinimoTests.swift in Sources */,
			);
			runOnlyForDeploymentPostprocessing = 0;
		};
/* End PBXSourcesBuildPhase section */

/* Begin PBXTargetDependency section */
		090B1E841ABCC48B00CDA5D9 /* PBXTargetDependency */ = {
			isa = PBXTargetDependency;
			target = 090B1E6C1ABCC48B00CDA5D9 /* Minimo */;
			targetProxy = 090B1E831ABCC48B00CDA5D9 /* PBXContainerItemProxy */;
		};
/* End PBXTargetDependency section */

/* Begin PBXVariantGroup section */
		090B1E761ABCC48B00CDA5D9 /* Main.storyboard */ = {
			isa = PBXVariantGroup;
			children = (
				090B1E771ABCC48B00CDA5D9 /* Base */,
			);
			name = Main.storyboard;
			sourceTree = "<group>";
		};
		090B1E7B1ABCC48B00CDA5D9 /* LaunchScreen.xib */ = {
			isa = PBXVariantGroup;
			children = (
				090B1E7C1ABCC48B00CDA5D9 /* Base */,
			);
			name = LaunchScreen.xib;
			sourceTree = "<group>";
		};
/* End PBXVariantGroup section */

/* Begin XCBuildConfiguration section */
		090B1E8A1ABCC48B00CDA5D9 /* Debug */ = {
			isa = XCBuildConfiguration;
			buildSettings = {
				ALWAYS_SEARCH_USER_PATHS = NO;
				CLANG_CXX_LANGUAGE_STANDARD = "gnu++0x";
				CLANG_CXX_LIBRARY = "libc++";
				CLANG_ENABLE_MODULES = YES;
				CLANG_ENABLE_OBJC_ARC = YES;
				CLANG_WARN_BOOL_CONVERSION = YES;
				CLANG_WARN_CONSTANT_CONVERSION = YES;
				CLANG_WARN_DIRECT_OBJC_ISA_USAGE = YES_ERROR;
				CLANG_WARN_EMPTY_BODY = YES;
				CLANG_WARN_ENUM_CONVERSION = YES;
				CLANG_WARN_INT_CONVERSION = YES;
				CLANG_WARN_OBJC_ROOT_CLASS = YES_ERROR;
				CLANG_WARN_UNREACHABLE_CODE = YES;
				CLANG_WARN__DUPLICATE_METHOD_MATCH = YES;
				"CODE_SIGN_IDENTITY[sdk=iphoneos*]" = "iPhone Developer";
				COPY_PHASE_STRIP = NO;
				ENABLE_STRICT_OBJC_MSGSEND = YES;
				GCC_C_LANGUAGE_STANDARD = gnu99;
				GCC_DYNAMIC_NO_PIC = NO;
				GCC_OPTIMIZATION_LEVEL = 0;
				GCC_PREPROCESSOR_DEFINITIONS = (
					"DEBUG=1",
					"$(inherited)",
				);
				GCC_SYMBOLS_PRIVATE_EXTERN = NO;
				GCC_WARN_64_TO_32_BIT_CONVERSION = YES;
				GCC_WARN_ABOUT_RETURN_TYPE = YES_ERROR;
				GCC_WARN_UNDECLARED_SELECTOR = YES;
				GCC_WARN_UNINITIALIZED_AUTOS = YES_AGGRESSIVE;
				GCC_WARN_UNUSED_FUNCTION = YES;
				GCC_WARN_UNUSED_VARIABLE = YES;
				IPHONEOS_DEPLOYMENT_TARGET = 8.2;
				MTL_ENABLE_DEBUG_INFO = YES;
				ONLY_ACTIVE_ARCH = YES;
				SDKROOT = iphoneos;
				SWIFT_OPTIMIZATION_LEVEL = "-Onone";
			};
			name = Debug;
		};
		090B1E8B1ABCC48B00CDA5D9 /* Release */ = {
			isa = XCBuildConfiguration;
			buildSettings = {
				ALWAYS_SEARCH_USER_PATHS = NO;
				CLANG_CXX_LANGUAGE_STANDARD = "gnu++0x";
				CLANG_CXX_LIBRARY = "libc++";
				CLANG_ENABLE_MODULES = YES;
				CLANG_ENABLE_OBJC_ARC = YES;
				CLANG_WARN_BOOL_CONVERSION = YES;
				CLANG_WARN_CONSTANT_CONVERSION = YES;
				CLANG_WARN_DIRECT_OBJC_ISA_USAGE = YES_ERROR;
				CLANG_WARN_EMPTY_BODY = YES;
				CLANG_WARN_ENUM_CONVERSION = YES;
				CLANG_WARN_INT_CONVERSION = YES;
				CLANG_WARN_OBJC_ROOT_CLASS = YES_ERROR;
				CLANG_WARN_UNREACHABLE_CODE = YES;
				CLANG_WARN__DUPLICATE_METHOD_MATCH = YES;
				"CODE_SIGN_IDENTITY[sdk=iphoneos*]" = "iPhone Developer";
				COPY_PHASE_STRIP = NO;
				ENABLE_NS_ASSERTIONS = NO;
				ENABLE_STRICT_OBJC_MSGSEND = YES;
				GCC_C_LANGUAGE_STANDARD = gnu99;
				GCC_WARN_64_TO_32_BIT_CONVERSION = YES;
				GCC_WARN_ABOUT_RETURN_TYPE = YES_ERROR;
				GCC_WARN_UNDECLARED_SELECTOR = YES;
				GCC_WARN_UNINITIALIZED_AUTOS = YES_AGGRESSIVE;
				GCC_WARN_UNUSED_FUNCTION = YES;
				GCC_WARN_UNUSED_VARIABLE = YES;
				IPHONEOS_DEPLOYMENT_TARGET = 8.2;
				MTL_ENABLE_DEBUG_INFO = NO;
				SDKROOT = iphoneos;
				VALIDATE_PRODUCT = YES;
			};
			name = Release;
		};
		090B1E8D1ABCC48B00CDA5D9 /* Debug */ = {
			isa = XCBuildConfiguration;
			buildSettings = {
				ASSETCATALOG_COMPILER_APPICON_NAME = AppIcon;
				FRAMEWORK_SEARCH_PATHS = (
					"$(inherited)",
					"$(PROJECT_DIR)/Minimo",
				);
				INFOPLIST_FILE = Minimo/Info.plist;
				LD_RUNPATH_SEARCH_PATHS = "$(inherited) @executable_path/Frameworks";
				PRODUCT_NAME = "$(TARGET_NAME)";
			};
			name = Debug;
		};
		090B1E8E1ABCC48B00CDA5D9 /* Release */ = {
			isa = XCBuildConfiguration;
			buildSettings = {
				ASSETCATALOG_COMPILER_APPICON_NAME = AppIcon;
				FRAMEWORK_SEARCH_PATHS = (
					"$(inherited)",
					"$(PROJECT_DIR)/Minimo",
				);
				INFOPLIST_FILE = Minimo/Info.plist;
				LD_RUNPATH_SEARCH_PATHS = "$(inherited) @executable_path/Frameworks";
				PRODUCT_NAME = "$(TARGET_NAME)";
			};
			name = Release;
		};
		090B1E901ABCC48B00CDA5D9 /* Debug */ = {
			isa = XCBuildConfiguration;
			buildSettings = {
				BUNDLE_LOADER = "$(TEST_HOST)";
				FRAMEWORK_SEARCH_PATHS = (
					"$(SDKROOT)/Developer/Library/Frameworks",
					"$(inherited)",
				);
				GCC_PREPROCESSOR_DEFINITIONS = (
					"DEBUG=1",
					"$(inherited)",
				);
				INFOPLIST_FILE = MinimoTests/Info.plist;
				LD_RUNPATH_SEARCH_PATHS = "$(inherited) @executable_path/Frameworks @loader_path/Frameworks";
				PRODUCT_NAME = "$(TARGET_NAME)";
				TEST_HOST = "$(BUILT_PRODUCTS_DIR)/Minimo.app/Minimo";
			};
			name = Debug;
		};
		090B1E911ABCC48B00CDA5D9 /* Release */ = {
			isa = XCBuildConfiguration;
			buildSettings = {
				BUNDLE_LOADER = "$(TEST_HOST)";
				FRAMEWORK_SEARCH_PATHS = (
					"$(SDKROOT)/Developer/Library/Frameworks",
					"$(inherited)",
				);
				INFOPLIST_FILE = MinimoTests/Info.plist;
				LD_RUNPATH_SEARCH_PATHS = "$(inherited) @executable_path/Frameworks @loader_path/Frameworks";
				PRODUCT_NAME = "$(TARGET_NAME)";
				TEST_HOST = "$(BUILT_PRODUCTS_DIR)/Minimo.app/Minimo";
			};
			name = Release;
		};
/* End XCBuildConfiguration section */

/* Begin XCConfigurationList section */
		090B1E681ABCC48B00CDA5D9 /* Build configuration list for PBXProject "Minimo" */ = {
			isa = XCConfigurationList;
			buildConfigurations = (
				090B1E8A1ABCC48B00CDA5D9 /* Debug */,
				090B1E8B1ABCC48B00CDA5D9 /* Release */,
			);
			defaultConfigurationIsVisible = 0;
			defaultConfigurationName = Release;
		};
		090B1E8C1ABCC48B00CDA5D9 /* Build configuration list for PBXNativeTarget "Minimo" */ = {
			isa = XCConfigurationList;
			buildConfigurations = (
				090B1E8D1ABCC48B00CDA5D9 /* Debug */,
				090B1E8E1ABCC48B00CDA5D9 /* Release */,
			);
			defaultConfigurationIsVisible = 0;
			defaultConfigurationName = Release;
		};
		090B1E8F1ABCC48B00CDA5D9 /* Build configuration list for PBXNativeTarget "MinimoTests" */ = {
			isa = XCConfigurationList;
			buildConfigurations = (
				090B1E901ABCC48B00CDA5D9 /* Debug */,
				090B1E911ABCC48B00CDA5D9 /* Release */,
			);
			defaultConfigurationIsVisible = 0;
			defaultConfigurationName = Release;
		};
/* End XCConfigurationList section */
	};
	rootObject = 090B1E651ABCC48B00CDA5D9 /* Project object */;
}
