// !$*UTF8*$!
{
	archiveVersion = 1;
	classes = {
	};
	objectVersion = 46;
	objects = {

/* Begin PBXBuildFile section */
		097847091AC2530C002B9C2C /* AppDelegate.swift in Sources */ = {isa = PBXBuildFile; fileRef = 097847081AC2530C002B9C2C /* AppDelegate.swift */; };
		0978470B1AC2530C002B9C2C /* ViewController.swift in Sources */ = {isa = PBXBuildFile; fileRef = 0978470A1AC2530C002B9C2C /* ViewController.swift */; };
		0978470E1AC2530C002B9C2C /* Main.storyboard in Resources */ = {isa = PBXBuildFile; fileRef = 0978470C1AC2530C002B9C2C /* Main.storyboard */; };
		097847101AC2530C002B9C2C /* Images.xcassets in Resources */ = {isa = PBXBuildFile; fileRef = 0978470F1AC2530C002B9C2C /* Images.xcassets */; };
		097847131AC2530C002B9C2C /* LaunchScreen.xib in Resources */ = {isa = PBXBuildFile; fileRef = 097847111AC2530C002B9C2C /* LaunchScreen.xib */; };
		0978471F1AC2530C002B9C2C /* SwifferAppTests.swift in Sources */ = {isa = PBXBuildFile; fileRef = 0978471E1AC2530C002B9C2C /* SwifferAppTests.swift */; };
		097847291AC2535C002B9C2C /* libsqlite3.dylib in Frameworks */ = {isa = PBXBuildFile; fileRef = 097847281AC2535C002B9C2C /* libsqlite3.dylib */; };
		0978472B1AC25363002B9C2C /* libz.dylib in Frameworks */ = {isa = PBXBuildFile; fileRef = 0978472A1AC25363002B9C2C /* libz.dylib */; };
		0978472D1AC2536D002B9C2C /* SystemConfiguration.framework in Frameworks */ = {isa = PBXBuildFile; fileRef = 0978472C1AC2536D002B9C2C /* SystemConfiguration.framework */; };
		0978472F1AC25373002B9C2C /* StoreKit.framework in Frameworks */ = {isa = PBXBuildFile; fileRef = 0978472E1AC25373002B9C2C /* StoreKit.framework */; };
		097847311AC25383002B9C2C /* Security.framework in Frameworks */ = {isa = PBXBuildFile; fileRef = 097847301AC25383002B9C2C /* Security.framework */; };
		097847331AC2538A002B9C2C /* QuartzCore.framework in Frameworks */ = {isa = PBXBuildFile; fileRef = 097847321AC2538A002B9C2C /* QuartzCore.framework */; };
		097847351AC25393002B9C2C /* MobileCoreServices.framework in Frameworks */ = {isa = PBXBuildFile; fileRef = 097847341AC25393002B9C2C /* MobileCoreServices.framework */; };
		097847371AC2539D002B9C2C /* CoreLocation.framework in Frameworks */ = {isa = PBXBuildFile; fileRef = 097847361AC2539D002B9C2C /* CoreLocation.framework */; };
		097847391AC253A3002B9C2C /* CoreGraphics.framework in Frameworks */ = {isa = PBXBuildFile; fileRef = 097847381AC253A3002B9C2C /* CoreGraphics.framework */; };
		0978473B1AC253AA002B9C2C /* CFNetwork.framework in Frameworks */ = {isa = PBXBuildFile; fileRef = 0978473A1AC253AA002B9C2C /* CFNetwork.framework */; };
		0978473D1AC253B3002B9C2C /* AudioToolbox.framework in Frameworks */ = {isa = PBXBuildFile; fileRef = 0978473C1AC253B3002B9C2C /* AudioToolbox.framework */; };
		0978473F1AC253F6002B9C2C /* Bolts.framework in Frameworks */ = {isa = PBXBuildFile; fileRef = 0978473E1AC253F6002B9C2C /* Bolts.framework */; };
		097847411AC25411002B9C2C /* ParseFacebookUtils.framework in Frameworks */ = {isa = PBXBuildFile; fileRef = 097847401AC25411002B9C2C /* ParseFacebookUtils.framework */; };
		097847431AC2543A002B9C2C /* ParseUI.framework in Frameworks */ = {isa = PBXBuildFile; fileRef = 097847421AC2543A002B9C2C /* ParseUI.framework */; };
		097847451AC25470002B9C2C /* ParseCrashReporting.framework in Frameworks */ = {isa = PBXBuildFile; fileRef = 097847441AC25470002B9C2C /* ParseCrashReporting.framework */; };
		097847471AC25484002B9C2C /* Parse.framework in Frameworks */ = {isa = PBXBuildFile; fileRef = 097847461AC25484002B9C2C /* Parse.framework */; };
		0978474D1AC25F8F002B9C2C /* TimelineTableViewController.swift in Sources */ = {isa = PBXBuildFile; fileRef = 0978474C1AC25F8F002B9C2C /* TimelineTableViewController.swift */; };
		0978474F1AC25FEA002B9C2C /* ComposeViewController.swift in Sources */ = {isa = PBXBuildFile; fileRef = 0978474E1AC25FEA002B9C2C /* ComposeViewController.swift */; };
		097847511AC2669F002B9C2C /* SweetTableViewCell.swift in Sources */ = {isa = PBXBuildFile; fileRef = 097847501AC2669F002B9C2C /* SweetTableViewCell.swift */; };
/* End PBXBuildFile section */

/* Begin PBXContainerItemProxy section */
		097847191AC2530C002B9C2C /* PBXContainerItemProxy */ = {
			isa = PBXContainerItemProxy;
			containerPortal = 097846FB1AC2530C002B9C2C /* Project object */;
			proxyType = 1;
			remoteGlobalIDString = 097847021AC2530C002B9C2C;
			remoteInfo = SwifferApp;
		};
/* End PBXContainerItemProxy section */

/* Begin PBXFileReference section */
		097847031AC2530C002B9C2C /* SwifferApp.app */ = {isa = PBXFileReference; explicitFileType = wrapper.application; includeInIndex = 0; path = SwifferApp.app; sourceTree = BUILT_PRODUCTS_DIR; };
		097847071AC2530C002B9C2C /* Info.plist */ = {isa = PBXFileReference; lastKnownFileType = text.plist.xml; path = Info.plist; sourceTree = "<group>"; };
		097847081AC2530C002B9C2C /* AppDelegate.swift */ = {isa = PBXFileReference; lastKnownFileType = sourcecode.swift; path = AppDelegate.swift; sourceTree = "<group>"; };
		0978470A1AC2530C002B9C2C /* ViewController.swift */ = {isa = PBXFileReference; lastKnownFileType = sourcecode.swift; path = ViewController.swift; sourceTree = "<group>"; };
		0978470D1AC2530C002B9C2C /* Base */ = {isa = PBXFileReference; lastKnownFileType = file.storyboard; name = Base; path = Base.lproj/Main.storyboard; sourceTree = "<group>"; };
		0978470F1AC2530C002B9C2C /* Images.xcassets */ = {isa = PBXFileReference; lastKnownFileType = folder.assetcatalog; path = Images.xcassets; sourceTree = "<group>"; };
		097847121AC2530C002B9C2C /* Base */ = {isa = PBXFileReference; lastKnownFileType = file.xib; name = Base; path = Base.lproj/LaunchScreen.xib; sourceTree = "<group>"; };
		097847181AC2530C002B9C2C /* SwifferAppTests.xctest */ = {isa = PBXFileReference; explicitFileType = wrapper.cfbundle; includeInIndex = 0; path = SwifferAppTests.xctest; sourceTree = BUILT_PRODUCTS_DIR; };
		0978471D1AC2530C002B9C2C /* Info.plist */ = {isa = PBXFileReference; lastKnownFileType = text.plist.xml; path = Info.plist; sourceTree = "<group>"; };
		0978471E1AC2530C002B9C2C /* SwifferAppTests.swift */ = {isa = PBXFileReference; lastKnownFileType = sourcecode.swift; path = SwifferAppTests.swift; sourceTree = "<group>"; };
		097847281AC2535C002B9C2C /* libsqlite3.dylib */ = {isa = PBXFileReference; lastKnownFileType = "compiled.mach-o.dylib"; name = libsqlite3.dylib; path = usr/lib/libsqlite3.dylib; sourceTree = SDKROOT; };
		0978472A1AC25363002B9C2C /* libz.dylib */ = {isa = PBXFileReference; lastKnownFileType = "compiled.mach-o.dylib"; name = libz.dylib; path = usr/lib/libz.dylib; sourceTree = SDKROOT; };
		0978472C1AC2536D002B9C2C /* SystemConfiguration.framework */ = {isa = PBXFileReference; lastKnownFileType = wrapper.framework; name = SystemConfiguration.framework; path = System/Library/Frameworks/SystemConfiguration.framework; sourceTree = SDKROOT; };
		0978472E1AC25373002B9C2C /* StoreKit.framework */ = {isa = PBXFileReference; lastKnownFileType = wrapper.framework; name = StoreKit.framework; path = System/Library/Frameworks/StoreKit.framework; sourceTree = SDKROOT; };
		097847301AC25383002B9C2C /* Security.framework */ = {isa = PBXFileReference; lastKnownFileType = wrapper.framework; name = Security.framework; path = System/Library/Frameworks/Security.framework; sourceTree = SDKROOT; };
		097847321AC2538A002B9C2C /* QuartzCore.framework */ = {isa = PBXFileReference; lastKnownFileType = wrapper.framework; name = QuartzCore.framework; path = System/Library/Frameworks/QuartzCore.framework; sourceTree = SDKROOT; };
		097847341AC25393002B9C2C /* MobileCoreServices.framework */ = {isa = PBXFileReference; lastKnownFileType = wrapper.framework; name = MobileCoreServices.framework; path = System/Library/Frameworks/MobileCoreServices.framework; sourceTree = SDKROOT; };
		097847361AC2539D002B9C2C /* CoreLocation.framework */ = {isa = PBXFileReference; lastKnownFileType = wrapper.framework; name = CoreLocation.framework; path = System/Library/Frameworks/CoreLocation.framework; sourceTree = SDKROOT; };
		097847381AC253A3002B9C2C /* CoreGraphics.framework */ = {isa = PBXFileReference; lastKnownFileType = wrapper.framework; name = CoreGraphics.framework; path = System/Library/Frameworks/CoreGraphics.framework; sourceTree = SDKROOT; };
		0978473A1AC253AA002B9C2C /* CFNetwork.framework */ = {isa = PBXFileReference; lastKnownFileType = wrapper.framework; name = CFNetwork.framework; path = System/Library/Frameworks/CFNetwork.framework; sourceTree = SDKROOT; };
		0978473C1AC253B3002B9C2C /* AudioToolbox.framework */ = {isa = PBXFileReference; lastKnownFileType = wrapper.framework; name = AudioToolbox.framework; path = System/Library/Frameworks/AudioToolbox.framework; sourceTree = SDKROOT; };
		0978473E1AC253F6002B9C2C /* Bolts.framework */ = {isa = PBXFileReference; lastKnownFileType = wrapper.framework; name = Bolts.framework; path = ../../Documents/Minimo/Minimo/Minimo/Bolts.framework; sourceTree = "<group>"; };
		097847401AC25411002B9C2C /* ParseFacebookUtils.framework */ = {isa = PBXFileReference; lastKnownFileType = wrapper.framework; name = ParseFacebookUtils.framework; path = ../../Documents/Minimo/Minimo/Minimo/ParseFacebookUtils.framework; sourceTree = "<group>"; };
		097847421AC2543A002B9C2C /* ParseUI.framework */ = {isa = PBXFileReference; lastKnownFileType = wrapper.framework; name = ParseUI.framework; path = ../../Documents/Minimo/Minimo/Minimo/ParseUI.framework; sourceTree = "<group>"; };
		097847441AC25470002B9C2C /* ParseCrashReporting.framework */ = {isa = PBXFileReference; lastKnownFileType = wrapper.framework; name = ParseCrashReporting.framework; path = ../../Documents/Minimo/Minimo/Minimo/ParseCrashReporting.framework; sourceTree = "<group>"; };
		097847461AC25484002B9C2C /* Parse.framework */ = {isa = PBXFileReference; lastKnownFileType = wrapper.framework; name = Parse.framework; path = ../../Documents/Minimo/Minimo/Minimo/Parse.framework; sourceTree = "<group>"; };
		097847491AC25599002B9C2C /* SwifferApp-Bridging-Header.h */ = {isa = PBXFileReference; lastKnownFileType = sourcecode.c.h; path = "SwifferApp-Bridging-Header.h"; sourceTree = SOURCE_ROOT; };
		0978474C1AC25F8F002B9C2C /* TimelineTableViewController.swift */ = {isa = PBXFileReference; fileEncoding = 4; lastKnownFileType = sourcecode.swift; path = TimelineTableViewController.swift; sourceTree = "<group>"; };
		0978474E1AC25FEA002B9C2C /* ComposeViewController.swift */ = {isa = PBXFileReference; fileEncoding = 4; lastKnownFileType = sourcecode.swift; path = ComposeViewController.swift; sourceTree = "<group>"; };
		097847501AC2669F002B9C2C /* SweetTableViewCell.swift */ = {isa = PBXFileReference; fileEncoding = 4; lastKnownFileType = sourcecode.swift; path = SweetTableViewCell.swift; sourceTree = "<group>"; };
/* End PBXFileReference section */

/* Begin PBXFrameworksBuildPhase section */
		097847001AC2530C002B9C2C /* Frameworks */ = {
			isa = PBXFrameworksBuildPhase;
			buildActionMask = 2147483647;
			files = (
				097847471AC25484002B9C2C /* Parse.framework in Frameworks */,
				097847451AC25470002B9C2C /* ParseCrashReporting.framework in Frameworks */,
				097847431AC2543A002B9C2C /* ParseUI.framework in Frameworks */,
				097847411AC25411002B9C2C /* ParseFacebookUtils.framework in Frameworks */,
				0978473F1AC253F6002B9C2C /* Bolts.framework in Frameworks */,
				0978473D1AC253B3002B9C2C /* AudioToolbox.framework in Frameworks */,
				0978473B1AC253AA002B9C2C /* CFNetwork.framework in Frameworks */,
				097847391AC253A3002B9C2C /* CoreGraphics.framework in Frameworks */,
				097847371AC2539D002B9C2C /* CoreLocation.framework in Frameworks */,
				097847351AC25393002B9C2C /* MobileCoreServices.framework in Frameworks */,
				097847331AC2538A002B9C2C /* QuartzCore.framework in Frameworks */,
				097847311AC25383002B9C2C /* Security.framework in Frameworks */,
				0978472F1AC25373002B9C2C /* StoreKit.framework in Frameworks */,
				0978472D1AC2536D002B9C2C /* SystemConfiguration.framework in Frameworks */,
				0978472B1AC25363002B9C2C /* libz.dylib in Frameworks */,
				097847291AC2535C002B9C2C /* libsqlite3.dylib in Frameworks */,
			);
			runOnlyForDeploymentPostprocessing = 0;
		};
		097847151AC2530C002B9C2C /* Frameworks */ = {
			isa = PBXFrameworksBuildPhase;
			buildActionMask = 2147483647;
			files = (
			);
			runOnlyForDeploymentPostprocessing = 0;
		};
/* End PBXFrameworksBuildPhase section */

/* Begin PBXGroup section */
		097846FA1AC2530C002B9C2C = {
			isa = PBXGroup;
			children = (
				097847481AC25553002B9C2C /* Frameworks */,
				097847051AC2530C002B9C2C /* SwifferApp */,
				0978471B1AC2530C002B9C2C /* SwifferAppTests */,
				097847041AC2530C002B9C2C /* Products */,
			);
			sourceTree = "<group>";
		};
		097847041AC2530C002B9C2C /* Products */ = {
			isa = PBXGroup;
			children = (
				097847031AC2530C002B9C2C /* SwifferApp.app */,
				097847181AC2530C002B9C2C /* SwifferAppTests.xctest */,
			);
			name = Products;
			sourceTree = "<group>";
		};
		097847051AC2530C002B9C2C /* SwifferApp */ = {
			isa = PBXGroup;
			children = (
				097847491AC25599002B9C2C /* SwifferApp-Bridging-Header.h */,
				097847081AC2530C002B9C2C /* AppDelegate.swift */,
				0978474C1AC25F8F002B9C2C /* TimelineTableViewController.swift */,
				0978470A1AC2530C002B9C2C /* ViewController.swift */,
				0978470C1AC2530C002B9C2C /* Main.storyboard */,
				0978474E1AC25FEA002B9C2C /* ComposeViewController.swift */,
				097847501AC2669F002B9C2C /* SweetTableViewCell.swift */,
				0978470F1AC2530C002B9C2C /* Images.xcassets */,
				097847111AC2530C002B9C2C /* LaunchScreen.xib */,
				097847061AC2530C002B9C2C /* Supporting Files */,
			);
			path = SwifferApp;
			sourceTree = "<group>";
		};
		097847061AC2530C002B9C2C /* Supporting Files */ = {
			isa = PBXGroup;
			children = (
				097847071AC2530C002B9C2C /* Info.plist */,
			);
			name = "Supporting Files";
			sourceTree = "<group>";
		};
		0978471B1AC2530C002B9C2C /* SwifferAppTests */ = {
			isa = PBXGroup;
			children = (
				0978471E1AC2530C002B9C2C /* SwifferAppTests.swift */,
				0978471C1AC2530C002B9C2C /* Supporting Files */,
			);
			path = SwifferAppTests;
			sourceTree = "<group>";
		};
		0978471C1AC2530C002B9C2C /* Supporting Files */ = {
			isa = PBXGroup;
			children = (
				0978471D1AC2530C002B9C2C /* Info.plist */,
			);
			name = "Supporting Files";
			sourceTree = "<group>";
		};
		097847481AC25553002B9C2C /* Frameworks */ = {
			isa = PBXGroup;
			children = (
				097847461AC25484002B9C2C /* Parse.framework */,
				097847441AC25470002B9C2C /* ParseCrashReporting.framework */,
				097847421AC2543A002B9C2C /* ParseUI.framework */,
				097847401AC25411002B9C2C /* ParseFacebookUtils.framework */,
				0978473E1AC253F6002B9C2C /* Bolts.framework */,
				0978473C1AC253B3002B9C2C /* AudioToolbox.framework */,
				0978473A1AC253AA002B9C2C /* CFNetwork.framework */,
				097847381AC253A3002B9C2C /* CoreGraphics.framework */,
				097847361AC2539D002B9C2C /* CoreLocation.framework */,
				097847341AC25393002B9C2C /* MobileCoreServices.framework */,
				097847321AC2538A002B9C2C /* QuartzCore.framework */,
				097847301AC25383002B9C2C /* Security.framework */,
				0978472E1AC25373002B9C2C /* StoreKit.framework */,
				0978472C1AC2536D002B9C2C /* SystemConfiguration.framework */,
				0978472A1AC25363002B9C2C /* libz.dylib */,
				097847281AC2535C002B9C2C /* libsqlite3.dylib */,
			);
			name = Frameworks;
			sourceTree = "<group>";
		};
/* End PBXGroup section */

/* Begin PBXNativeTarget section */
		097847021AC2530C002B9C2C /* SwifferApp */ = {
			isa = PBXNativeTarget;
			buildConfigurationList = 097847221AC2530C002B9C2C /* Build configuration list for PBXNativeTarget "SwifferApp" */;
			buildPhases = (
				097846FF1AC2530C002B9C2C /* Sources */,
				097847001AC2530C002B9C2C /* Frameworks */,
				097847011AC2530C002B9C2C /* Resources */,
			);
			buildRules = (
			);
			dependencies = (
			);
			name = SwifferApp;
			productName = SwifferApp;
			productReference = 097847031AC2530C002B9C2C /* SwifferApp.app */;
			productType = "com.apple.product-type.application";
		};
		097847171AC2530C002B9C2C /* SwifferAppTests */ = {
			isa = PBXNativeTarget;
			buildConfigurationList = 097847251AC2530C002B9C2C /* Build configuration list for PBXNativeTarget "SwifferAppTests" */;
			buildPhases = (
				097847141AC2530C002B9C2C /* Sources */,
				097847151AC2530C002B9C2C /* Frameworks */,
				097847161AC2530C002B9C2C /* Resources */,
			);
			buildRules = (
			);
			dependencies = (
				0978471A1AC2530C002B9C2C /* PBXTargetDependency */,
			);
			name = SwifferAppTests;
			productName = SwifferAppTests;
			productReference = 097847181AC2530C002B9C2C /* SwifferAppTests.xctest */;
			productType = "com.apple.product-type.bundle.unit-test";
		};
/* End PBXNativeTarget section */

/* Begin PBXProject section */
		097846FB1AC2530C002B9C2C /* Project object */ = {
			isa = PBXProject;
			attributes = {
				LastUpgradeCheck = 0620;
				ORGANIZATIONNAME = "Team Mo";
				TargetAttributes = {
					097847021AC2530C002B9C2C = {
						CreatedOnToolsVersion = 6.2;
					};
					097847171AC2530C002B9C2C = {
						CreatedOnToolsVersion = 6.2;
						TestTargetID = 097847021AC2530C002B9C2C;
					};
				};
			};
			buildConfigurationList = 097846FE1AC2530C002B9C2C /* Build configuration list for PBXProject "SwifferApp" */;
			compatibilityVersion = "Xcode 3.2";
			developmentRegion = English;
			hasScannedForEncodings = 0;
			knownRegions = (
				en,
				Base,
			);
			mainGroup = 097846FA1AC2530C002B9C2C;
			productRefGroup = 097847041AC2530C002B9C2C /* Products */;
			projectDirPath = "";
			projectRoot = "";
			targets = (
				097847021AC2530C002B9C2C /* SwifferApp */,
				097847171AC2530C002B9C2C /* SwifferAppTests */,
			);
		};
/* End PBXProject section */

/* Begin PBXResourcesBuildPhase section */
		097847011AC2530C002B9C2C /* Resources */ = {
			isa = PBXResourcesBuildPhase;
			buildActionMask = 2147483647;
			files = (
				0978470E1AC2530C002B9C2C /* Main.storyboard in Resources */,
				097847131AC2530C002B9C2C /* LaunchScreen.xib in Resources */,
				097847101AC2530C002B9C2C /* Images.xcassets in Resources */,
			);
			runOnlyForDeploymentPostprocessing = 0;
		};
		097847161AC2530C002B9C2C /* Resources */ = {
			isa = PBXResourcesBuildPhase;
			buildActionMask = 2147483647;
			files = (
			);
			runOnlyForDeploymentPostprocessing = 0;
		};
/* End PBXResourcesBuildPhase section */

/* Begin PBXSourcesBuildPhase section */
		097846FF1AC2530C002B9C2C /* Sources */ = {
			isa = PBXSourcesBuildPhase;
			buildActionMask = 2147483647;
			files = (
				0978470B1AC2530C002B9C2C /* ViewController.swift in Sources */,
				097847091AC2530C002B9C2C /* AppDelegate.swift in Sources */,
				0978474D1AC25F8F002B9C2C /* TimelineTableViewController.swift in Sources */,
				097847511AC2669F002B9C2C /* SweetTableViewCell.swift in Sources */,
				0978474F1AC25FEA002B9C2C /* ComposeViewController.swift in Sources */,
			);
			runOnlyForDeploymentPostprocessing = 0;
		};
		097847141AC2530C002B9C2C /* Sources */ = {
			isa = PBXSourcesBuildPhase;
			buildActionMask = 2147483647;
			files = (
				0978471F1AC2530C002B9C2C /* SwifferAppTests.swift in Sources */,
			);
			runOnlyForDeploymentPostprocessing = 0;
		};
/* End PBXSourcesBuildPhase section */

/* Begin PBXTargetDependency section */
		0978471A1AC2530C002B9C2C /* PBXTargetDependency */ = {
			isa = PBXTargetDependency;
			target = 097847021AC2530C002B9C2C /* SwifferApp */;
			targetProxy = 097847191AC2530C002B9C2C /* PBXContainerItemProxy */;
		};
/* End PBXTargetDependency section */

/* Begin PBXVariantGroup section */
		0978470C1AC2530C002B9C2C /* Main.storyboard */ = {
			isa = PBXVariantGroup;
			children = (
				0978470D1AC2530C002B9C2C /* Base */,
			);
			name = Main.storyboard;
			sourceTree = "<group>";
		};
		097847111AC2530C002B9C2C /* LaunchScreen.xib */ = {
			isa = PBXVariantGroup;
			children = (
				097847121AC2530C002B9C2C /* Base */,
			);
			name = LaunchScreen.xib;
			sourceTree = "<group>";
		};
/* End PBXVariantGroup section */

/* Begin XCBuildConfiguration section */
		097847201AC2530C002B9C2C /* Debug */ = {
			isa = XCBuildConfiguration;
			buildSettings = {
				ALWAYS_SEARCH_USER_PATHS = NO;
				CLANG_CXX_LANGUAGE_STANDARD = "gnu++0x";
				CLANG_CXX_LIBRARY = "libc++";
				CLANG_ENABLE_MODULES = YES;
				CLANG_ENABLE_OBJC_ARC = YES;
				CLANG_WARN_BOOL_CONVERSION = YES;
				CLANG_WARN_CONSTANT_CONVERSION = YES;
				CLANG_WARN_DIRECT_OBJC_ISA_USAGE = YES_ERROR;
				CLANG_WARN_EMPTY_BODY = YES;
				CLANG_WARN_ENUM_CONVERSION = YES;
				CLANG_WARN_INT_CONVERSION = YES;
				CLANG_WARN_OBJC_ROOT_CLASS = YES_ERROR;
				CLANG_WARN_UNREACHABLE_CODE = YES;
				CLANG_WARN__DUPLICATE_METHOD_MATCH = YES;
				"CODE_SIGN_IDENTITY[sdk=iphoneos*]" = "iPhone Developer";
				COPY_PHASE_STRIP = NO;
				ENABLE_STRICT_OBJC_MSGSEND = YES;
				GCC_C_LANGUAGE_STANDARD = gnu99;
				GCC_DYNAMIC_NO_PIC = NO;
				GCC_OPTIMIZATION_LEVEL = 0;
				GCC_PREPROCESSOR_DEFINITIONS = (
					"DEBUG=1",
					"$(inherited)",
				);
				GCC_SYMBOLS_PRIVATE_EXTERN = NO;
				GCC_WARN_64_TO_32_BIT_CONVERSION = YES;
				GCC_WARN_ABOUT_RETURN_TYPE = YES_ERROR;
				GCC_WARN_UNDECLARED_SELECTOR = YES;
				GCC_WARN_UNINITIALIZED_AUTOS = YES_AGGRESSIVE;
				GCC_WARN_UNUSED_FUNCTION = YES;
				GCC_WARN_UNUSED_VARIABLE = YES;
				IPHONEOS_DEPLOYMENT_TARGET = 8.2;
				MTL_ENABLE_DEBUG_INFO = YES;
				ONLY_ACTIVE_ARCH = YES;
				SDKROOT = iphoneos;
				SWIFT_OPTIMIZATION_LEVEL = "-Onone";
			};
			name = Debug;
		};
		097847211AC2530C002B9C2C /* Release */ = {
			isa = XCBuildConfiguration;
			buildSettings = {
				ALWAYS_SEARCH_USER_PATHS = NO;
				CLANG_CXX_LANGUAGE_STANDARD = "gnu++0x";
				CLANG_CXX_LIBRARY = "libc++";
				CLANG_ENABLE_MODULES = YES;
				CLANG_ENABLE_OBJC_ARC = YES;
				CLANG_WARN_BOOL_CONVERSION = YES;
				CLANG_WARN_CONSTANT_CONVERSION = YES;
				CLANG_WARN_DIRECT_OBJC_ISA_USAGE = YES_ERROR;
				CLANG_WARN_EMPTY_BODY = YES;
				CLANG_WARN_ENUM_CONVERSION = YES;
				CLANG_WARN_INT_CONVERSION = YES;
				CLANG_WARN_OBJC_ROOT_CLASS = YES_ERROR;
				CLANG_WARN_UNREACHABLE_CODE = YES;
				CLANG_WARN__DUPLICATE_METHOD_MATCH = YES;
				"CODE_SIGN_IDENTITY[sdk=iphoneos*]" = "iPhone Developer";
				COPY_PHASE_STRIP = NO;
				ENABLE_NS_ASSERTIONS = NO;
				ENABLE_STRICT_OBJC_MSGSEND = YES;
				GCC_C_LANGUAGE_STANDARD = gnu99;
				GCC_WARN_64_TO_32_BIT_CONVERSION = YES;
				GCC_WARN_ABOUT_RETURN_TYPE = YES_ERROR;
				GCC_WARN_UNDECLARED_SELECTOR = YES;
				GCC_WARN_UNINITIALIZED_AUTOS = YES_AGGRESSIVE;
				GCC_WARN_UNUSED_FUNCTION = YES;
				GCC_WARN_UNUSED_VARIABLE = YES;
				IPHONEOS_DEPLOYMENT_TARGET = 8.2;
				MTL_ENABLE_DEBUG_INFO = NO;
				SDKROOT = iphoneos;
				VALIDATE_PRODUCT = YES;
			};
			name = Release;
		};
		097847231AC2530C002B9C2C /* Debug */ = {
			isa = XCBuildConfiguration;
			buildSettings = {
				ASSETCATALOG_COMPILER_APPICON_NAME = AppIcon;
				CLANG_ENABLE_MODULES = YES;
				FRAMEWORK_SEARCH_PATHS = (
					"$(inherited)",
					/Users/nyjetsjustin/Documents/Minimo/Minimo/Minimo,
				);
				INFOPLIST_FILE = SwifferApp/Info.plist;
				LD_RUNPATH_SEARCH_PATHS = "$(inherited) @executable_path/Frameworks";
				PRODUCT_NAME = "$(TARGET_NAME)";
				SWIFT_OBJC_BRIDGING_HEADER = "SwifferApp-Bridging-Header.h";
				SWIFT_OPTIMIZATION_LEVEL = "-Onone";
			};
			name = Debug;
		};
		097847241AC2530C002B9C2C /* Release */ = {
			isa = XCBuildConfiguration;
			buildSettings = {
				ASSETCATALOG_COMPILER_APPICON_NAME = AppIcon;
				CLANG_ENABLE_MODULES = YES;
				FRAMEWORK_SEARCH_PATHS = (
					"$(inherited)",
					/Users/nyjetsjustin/Documents/Minimo/Minimo/Minimo,
				);
				INFOPLIST_FILE = SwifferApp/Info.plist;
				LD_RUNPATH_SEARCH_PATHS = "$(inherited) @executable_path/Frameworks";
				PRODUCT_NAME = "$(TARGET_NAME)";
				SWIFT_OBJC_BRIDGING_HEADER = "SwifferApp-Bridging-Header.h";
			};
			name = Release;
		};
		097847261AC2530C002B9C2C /* Debug */ = {
			isa = XCBuildConfiguration;
			buildSettings = {
				BUNDLE_LOADER = "$(TEST_HOST)";
				FRAMEWORK_SEARCH_PATHS = (
					"$(SDKROOT)/Developer/Library/Frameworks",
					"$(inherited)",
				);
				GCC_PREPROCESSOR_DEFINITIONS = (
					"DEBUG=1",
					"$(inherited)",
				);
				INFOPLIST_FILE = SwifferAppTests/Info.plist;
				LD_RUNPATH_SEARCH_PATHS = "$(inherited) @executable_path/Frameworks @loader_path/Frameworks";
				PRODUCT_NAME = "$(TARGET_NAME)";
				TEST_HOST = "$(BUILT_PRODUCTS_DIR)/SwifferApp.app/SwifferApp";
			};
			name = Debug;
		};
		097847271AC2530C002B9C2C /* Release */ = {
			isa = XCBuildConfiguration;
			buildSettings = {
				BUNDLE_LOADER = "$(TEST_HOST)";
				FRAMEWORK_SEARCH_PATHS = (
					"$(SDKROOT)/Developer/Library/Frameworks",
					"$(inherited)",
				);
				INFOPLIST_FILE = SwifferAppTests/Info.plist;
				LD_RUNPATH_SEARCH_PATHS = "$(inherited) @executable_path/Frameworks @loader_path/Frameworks";
				PRODUCT_NAME = "$(TARGET_NAME)";
				TEST_HOST = "$(BUILT_PRODUCTS_DIR)/SwifferApp.app/SwifferApp";
			};
			name = Release;
		};
/* End XCBuildConfiguration section */

/* Begin XCConfigurationList section */
		097846FE1AC2530C002B9C2C /* Build configuration list for PBXProject "SwifferApp" */ = {
			isa = XCConfigurationList;
			buildConfigurations = (
				097847201AC2530C002B9C2C /* Debug */,
				097847211AC2530C002B9C2C /* Release */,
			);
			defaultConfigurationIsVisible = 0;
			defaultConfigurationName = Release;
		};
		097847221AC2530C002B9C2C /* Build configuration list for PBXNativeTarget "SwifferApp" */ = {
			isa = XCConfigurationList;
			buildConfigurations = (
				097847231AC2530C002B9C2C /* Debug */,
				097847241AC2530C002B9C2C /* Release */,
			);
			defaultConfigurationIsVisible = 0;
			defaultConfigurationName = Release;
		};
		097847251AC2530C002B9C2C /* Build configuration list for PBXNativeTarget "SwifferAppTests" */ = {
			isa = XCConfigurationList;
			buildConfigurations = (
				097847261AC2530C002B9C2C /* Debug */,
				097847271AC2530C002B9C2C /* Release */,
			);
			defaultConfigurationIsVisible = 0;
			defaultConfigurationName = Release;
		};
/* End XCConfigurationList section */
	};
	rootObject = 097846FB1AC2530C002B9C2C /* Project object */;
}
